
Microsoft Visual Studio Solution File, Format Version 12.00
# Visual Studio Version 17
VisualStudioVersion = 17.10.35027.167
MinimumVisualStudioVersion = 10.0.40219.1
Project("{FAE04EC0-301F-11D3-BF4B-00C04F79EFBC}") = "Laboratorio1", "Laboratorio1.csproj", "{B74B5B11-0DB5-44D9-9B18-ACE01FD43476}"
EndProject
Global
	GlobalSection(SolutionConfigurationPlatforms) = preSolution
		Debug|Any CPU = Debug|Any CPU
		Release|Any CPU = Release|Any CPU
	EndGlobalSection
	GlobalSection(ProjectConfigurationPlatforms) = postSolution
		{B74B5B11-0DB5-44D9-9B18-ACE01FD43476}.Debug|Any CPU.ActiveCfg = Debug|Any CPU
		{B74B5B11-0DB5-44D9-9B18-ACE01FD43476}.Debug|Any CPU.Build.0 = Debug|Any CPU
		{B74B5B11-0DB5-44D9-9B18-ACE01FD43476}.Release|Any CPU.ActiveCfg = Release|Any CPU
		{B74B5B11-0DB5-44D9-9B18-ACE01FD43476}.Release|Any CPU.Build.0 = Release|Any CPU
	EndGlobalSection
	GlobalSection(SolutionProperties) = preSolution
		HideSolutionNode = FALSE
	EndGlobalSection
	GlobalSection(ExtensibilityGlobals) = postSolution
		SolutionGuid = {36FBAE8B-9CD4-4801-92E3-334E8E8B0F75}
	EndGlobalSection
EndGlobal
